// !$*UTF8*$!
{
	archiveVersion = 1;
	classes = {
	};
	objectVersion = 46;
	objects = {

/* Begin PBXBuildFile section */
		F914DA2C19EBD29200467A49 /* NetworkManager.m in Sources */ = {isa = PBXBuildFile; fileRef = F914DA2B19EBD29200467A49 /* NetworkManager.m */; };
		F92E814519DA2F5C00C35AAC /* CoreData.framework in Frameworks */ = {isa = PBXBuildFile; fileRef = F92E814419DA2F5C00C35AAC /* CoreData.framework */; };
		F92E814719DA2F6700C35AAC /* SystemConfiguration.framework in Frameworks */ = {isa = PBXBuildFile; fileRef = F92E814619DA2F6700C35AAC /* SystemConfiguration.framework */; };
		F92E814919DA2F7200C35AAC /* libz.dylib in Frameworks */ = {isa = PBXBuildFile; fileRef = F92E814819DA2F7200C35AAC /* libz.dylib */; };
		F92E815519DA331000C35AAC /* libGoogleAnalyticsServices.a in Frameworks */ = {isa = PBXBuildFile; fileRef = F92E815419DA331000C35AAC /* libGoogleAnalyticsServices.a */; };
		F9BFD43219F09F7800E55E9A /* LoginController.m in Sources */ = {isa = PBXBuildFile; fileRef = F9BFD42B19F09F7800E55E9A /* LoginController.m */; };
		F9BFD43319F09F7800E55E9A /* LoginCredentialCell.m in Sources */ = {isa = PBXBuildFile; fileRef = F9BFD42D19F09F7800E55E9A /* LoginCredentialCell.m */; };
		F9BFD43419F09F7800E55E9A /* SignupController.m in Sources */ = {isa = PBXBuildFile; fileRef = F9BFD42F19F09F7800E55E9A /* SignupController.m */; };
		F9BFD43519F09F7800E55E9A /* SplashViewController.m in Sources */ = {isa = PBXBuildFile; fileRef = F9BFD43119F09F7800E55E9A /* SplashViewController.m */; };
		F9BFD45519F1CA8D00E55E9A /* InvitesTableViewController.m in Sources */ = {isa = PBXBuildFile; fileRef = F9BFD45419F1CA8D00E55E9A /* InvitesTableViewController.m */; };
		F9BFD45B19F3304400E55E9A /* SettingsTableViewController.m in Sources */ = {isa = PBXBuildFile; fileRef = F9BFD45A19F3304400E55E9A /* SettingsTableViewController.m */; };
		F9BFD46919F47ABC00E55E9A /* NotificationsController.m in Sources */ = {isa = PBXBuildFile; fileRef = F9BFD46819F47ABC00E55E9A /* NotificationsController.m */; };
		F9BFD46D19F47E5E00E55E9A /* AddFriendController.m in Sources */ = {isa = PBXBuildFile; fileRef = F9BFD46C19F47E5E00E55E9A /* AddFriendController.m */; };
		F9BFD47019F4905F00E55E9A /* UpdateController.m in Sources */ = {isa = PBXBuildFile; fileRef = F9BFD46F19F4905F00E55E9A /* UpdateController.m */; };
		F9BFD48C19F6384B00E55E9A /* activity-active@2x.png in Resources */ = {isa = PBXBuildFile; fileRef = F9BFD48219F6384B00E55E9A /* activity-active@2x.png */; };
		F9BFD48D19F6384B00E55E9A /* activity@2x.png in Resources */ = {isa = PBXBuildFile; fileRef = F9BFD48319F6384B00E55E9A /* activity@2x.png */; };
		F9BFD48E19F6384B00E55E9A /* addfriend@2x.png in Resources */ = {isa = PBXBuildFile; fileRef = F9BFD48419F6384B00E55E9A /* addfriend@2x.png */; };
		F9BFD48F19F6384B00E55E9A /* edit@2x.png in Resources */ = {isa = PBXBuildFile; fileRef = F9BFD48519F6384B00E55E9A /* edit@2x.png */; };
		F9BFD49019F6384B00E55E9A /* feed@2x.png in Resources */ = {isa = PBXBuildFile; fileRef = F9BFD48619F6384B00E55E9A /* feed@2x.png */; };
		F9BFD49119F6384B00E55E9A /* group@2x.png in Resources */ = {isa = PBXBuildFile; fileRef = F9BFD48719F6384B00E55E9A /* group@2x.png */; };
		F9BFD49219F6384B00E55E9A /* location@2x.png in Resources */ = {isa = PBXBuildFile; fileRef = F9BFD48819F6384B00E55E9A /* location@2x.png */; };
		F9BFD49319F6384B00E55E9A /* notifications@2x.png in Resources */ = {isa = PBXBuildFile; fileRef = F9BFD48919F6384B00E55E9A /* notifications@2x.png */; };
		F9BFD49419F6384B00E55E9A /* settings@2x.png in Resources */ = {isa = PBXBuildFile; fileRef = F9BFD48A19F6384B00E55E9A /* settings@2x.png */; };
		F9BFD49519F6384B00E55E9A /* text@2x.png in Resources */ = {isa = PBXBuildFile; fileRef = F9BFD48B19F6384B00E55E9A /* text@2x.png */; };
		F9BFD49819F6389800E55E9A /* location-active@2x.png in Resources */ = {isa = PBXBuildFile; fileRef = F9BFD49719F6389800E55E9A /* location-active@2x.png */; };
		F9BFD49E19F720C500E55E9A /* CommonStatusTableViewController.m in Sources */ = {isa = PBXBuildFile; fileRef = F9BFD49D19F720C500E55E9A /* CommonStatusTableViewController.m */; };
		F9BFD4A019F7339000E55E9A /* cancel@2x.png in Resources */ = {isa = PBXBuildFile; fileRef = F9BFD49F19F7339000E55E9A /* cancel@2x.png */; };
		F9D3A3CD19D8C0820000AD34 /* main.m in Sources */ = {isa = PBXBuildFile; fileRef = F9D3A3CC19D8C0820000AD34 /* main.m */; };
		F9D3A3D019D8C0820000AD34 /* AppDelegate.m in Sources */ = {isa = PBXBuildFile; fileRef = F9D3A3CF19D8C0820000AD34 /* AppDelegate.m */; };
		F9D3A3D819D8C0820000AD34 /* Images.xcassets in Resources */ = {isa = PBXBuildFile; fileRef = F9D3A3D719D8C0820000AD34 /* Images.xcassets */; };
		F9D3A3E419D8C0820000AD34 /* CurrentlyTests.m in Sources */ = {isa = PBXBuildFile; fileRef = F9D3A3E319D8C0820000AD34 /* CurrentlyTests.m */; };
		F9EA4A0E19D8C3C100AC2CFF /* Gotham-Black.ttf in Resources */ = {isa = PBXBuildFile; fileRef = F9EA4A0619D8C3C100AC2CFF /* Gotham-Black.ttf */; };
		F9EA4A0F19D8C3C100AC2CFF /* Gotham-Bold.ttf in Resources */ = {isa = PBXBuildFile; fileRef = F9EA4A0719D8C3C100AC2CFF /* Gotham-Bold.ttf */; };
		F9EA4A1019D8C3C100AC2CFF /* Gotham-Book.ttf in Resources */ = {isa = PBXBuildFile; fileRef = F9EA4A0819D8C3C100AC2CFF /* Gotham-Book.ttf */; };
		F9EA4A1119D8C3C100AC2CFF /* Gotham-Light.ttf in Resources */ = {isa = PBXBuildFile; fileRef = F9EA4A0919D8C3C100AC2CFF /* Gotham-Light.ttf */; };
		F9EA4A1219D8C3C100AC2CFF /* Gotham-Medium.ttf in Resources */ = {isa = PBXBuildFile; fileRef = F9EA4A0A19D8C3C100AC2CFF /* Gotham-Medium.ttf */; };
		F9EA4A1319D8C3C100AC2CFF /* Gotham-Thin.ttf in Resources */ = {isa = PBXBuildFile; fileRef = F9EA4A0B19D8C3C100AC2CFF /* Gotham-Thin.ttf */; };
		F9EA4A1419D8C3C100AC2CFF /* Gotham-Ultra.ttf in Resources */ = {isa = PBXBuildFile; fileRef = F9EA4A0C19D8C3C100AC2CFF /* Gotham-Ultra.ttf */; };
		F9EA4A1519D8C3C100AC2CFF /* Gotham-XLight.ttf in Resources */ = {isa = PBXBuildFile; fileRef = F9EA4A0D19D8C3C100AC2CFF /* Gotham-XLight.ttf */; };
		F9EA4A1819D8C79300AC2CFF /* StatusTableViewController.m in Sources */ = {isa = PBXBuildFile; fileRef = F9EA4A1719D8C79300AC2CFF /* StatusTableViewController.m */; };
		F9EA4A1C19D8C9BC00AC2CFF /* UserCell.m in Sources */ = {isa = PBXBuildFile; fileRef = F9EA4A1B19D8C9BC00AC2CFF /* UserCell.m */; };
/* End PBXBuildFile section */

/* Begin PBXContainerItemProxy section */
		F9D3A3DE19D8C0820000AD34 /* PBXContainerItemProxy */ = {
			isa = PBXContainerItemProxy;
			containerPortal = F9D3A3BF19D8C0810000AD34 /* Project object */;
			proxyType = 1;
			remoteGlobalIDString = F9D3A3C619D8C0820000AD34;
			remoteInfo = Currently;
		};
/* End PBXContainerItemProxy section */

/* Begin PBXFileReference section */
		F914DA2A19EBD29200467A49 /* NetworkManager.h */ = {isa = PBXFileReference; fileEncoding = 4; lastKnownFileType = sourcecode.c.h; path = NetworkManager.h; sourceTree = "<group>"; };
		F914DA2B19EBD29200467A49 /* NetworkManager.m */ = {isa = PBXFileReference; fileEncoding = 4; lastKnownFileType = sourcecode.c.objc; path = NetworkManager.m; sourceTree = "<group>"; };
		F92E814419DA2F5C00C35AAC /* CoreData.framework */ = {isa = PBXFileReference; lastKnownFileType = wrapper.framework; name = CoreData.framework; path = System/Library/Frameworks/CoreData.framework; sourceTree = SDKROOT; };
		F92E814619DA2F6700C35AAC /* SystemConfiguration.framework */ = {isa = PBXFileReference; lastKnownFileType = wrapper.framework; name = SystemConfiguration.framework; path = System/Library/Frameworks/SystemConfiguration.framework; sourceTree = SDKROOT; };
		F92E814819DA2F7200C35AAC /* libz.dylib */ = {isa = PBXFileReference; lastKnownFileType = "compiled.mach-o.dylib"; name = libz.dylib; path = usr/lib/libz.dylib; sourceTree = SDKROOT; };
		F92E814B19DA2FEB00C35AAC /* GAI.h */ = {isa = PBXFileReference; fileEncoding = 4; lastKnownFileType = sourcecode.c.h; path = GAI.h; sourceTree = "<group>"; };
		F92E814C19DA2FEB00C35AAC /* GAIDictionaryBuilder.h */ = {isa = PBXFileReference; fileEncoding = 4; lastKnownFileType = sourcecode.c.h; path = GAIDictionaryBuilder.h; sourceTree = "<group>"; };
		F92E814D19DA2FEB00C35AAC /* GAIEcommerceProduct.h */ = {isa = PBXFileReference; fileEncoding = 4; lastKnownFileType = sourcecode.c.h; path = GAIEcommerceProduct.h; sourceTree = "<group>"; };
		F92E814E19DA2FEB00C35AAC /* GAIEcommerceProductAction.h */ = {isa = PBXFileReference; fileEncoding = 4; lastKnownFileType = sourcecode.c.h; path = GAIEcommerceProductAction.h; sourceTree = "<group>"; };
		F92E814F19DA2FEB00C35AAC /* GAIEcommercePromotion.h */ = {isa = PBXFileReference; fileEncoding = 4; lastKnownFileType = sourcecode.c.h; path = GAIEcommercePromotion.h; sourceTree = "<group>"; };
		F92E815019DA2FEB00C35AAC /* GAIFields.h */ = {isa = PBXFileReference; fileEncoding = 4; lastKnownFileType = sourcecode.c.h; path = GAIFields.h; sourceTree = "<group>"; };
		F92E815119DA2FEB00C35AAC /* GAILogger.h */ = {isa = PBXFileReference; fileEncoding = 4; lastKnownFileType = sourcecode.c.h; path = GAILogger.h; sourceTree = "<group>"; };
		F92E815219DA2FEB00C35AAC /* GAITrackedViewController.h */ = {isa = PBXFileReference; fileEncoding = 4; lastKnownFileType = sourcecode.c.h; path = GAITrackedViewController.h; sourceTree = "<group>"; };
		F92E815319DA2FEB00C35AAC /* GAITracker.h */ = {isa = PBXFileReference; fileEncoding = 4; lastKnownFileType = sourcecode.c.h; path = GAITracker.h; sourceTree = "<group>"; };
		F92E815419DA331000C35AAC /* libGoogleAnalyticsServices.a */ = {isa = PBXFileReference; lastKnownFileType = archive.ar; name = libGoogleAnalyticsServices.a; path = Currently/libGoogleAnalyticsServices.a; sourceTree = "<group>"; };
		F9BFD42A19F09F7800E55E9A /* LoginController.h */ = {isa = PBXFileReference; fileEncoding = 4; lastKnownFileType = sourcecode.c.h; name = LoginController.h; path = Login/LoginController.h; sourceTree = "<group>"; };
		F9BFD42B19F09F7800E55E9A /* LoginController.m */ = {isa = PBXFileReference; fileEncoding = 4; lastKnownFileType = sourcecode.c.objc; name = LoginController.m; path = Login/LoginController.m; sourceTree = "<group>"; };
		F9BFD42C19F09F7800E55E9A /* LoginCredentialCell.h */ = {isa = PBXFileReference; fileEncoding = 4; lastKnownFileType = sourcecode.c.h; name = LoginCredentialCell.h; path = Login/LoginCredentialCell.h; sourceTree = "<group>"; };
		F9BFD42D19F09F7800E55E9A /* LoginCredentialCell.m */ = {isa = PBXFileReference; fileEncoding = 4; lastKnownFileType = sourcecode.c.objc; name = LoginCredentialCell.m; path = Login/LoginCredentialCell.m; sourceTree = "<group>"; };
		F9BFD42E19F09F7800E55E9A /* SignupController.h */ = {isa = PBXFileReference; fileEncoding = 4; lastKnownFileType = sourcecode.c.h; name = SignupController.h; path = Login/SignupController.h; sourceTree = "<group>"; };
		F9BFD42F19F09F7800E55E9A /* SignupController.m */ = {isa = PBXFileReference; fileEncoding = 4; lastKnownFileType = sourcecode.c.objc; name = SignupController.m; path = Login/SignupController.m; sourceTree = "<group>"; };
		F9BFD43019F09F7800E55E9A /* SplashViewController.h */ = {isa = PBXFileReference; fileEncoding = 4; lastKnownFileType = sourcecode.c.h; name = SplashViewController.h; path = Login/SplashViewController.h; sourceTree = "<group>"; };
		F9BFD43119F09F7800E55E9A /* SplashViewController.m */ = {isa = PBXFileReference; fileEncoding = 4; lastKnownFileType = sourcecode.c.objc; name = SplashViewController.m; path = Login/SplashViewController.m; sourceTree = "<group>"; };
		F9BFD45319F1CA8D00E55E9A /* InvitesTableViewController.h */ = {isa = PBXFileReference; fileEncoding = 4; lastKnownFileType = sourcecode.c.h; path = InvitesTableViewController.h; sourceTree = "<group>"; };
		F9BFD45419F1CA8D00E55E9A /* InvitesTableViewController.m */ = {isa = PBXFileReference; fileEncoding = 4; lastKnownFileType = sourcecode.c.objc; path = InvitesTableViewController.m; sourceTree = "<group>"; };
		F9BFD45919F3304400E55E9A /* SettingsTableViewController.h */ = {isa = PBXFileReference; fileEncoding = 4; lastKnownFileType = sourcecode.c.h; path = SettingsTableViewController.h; sourceTree = "<group>"; };
		F9BFD45A19F3304400E55E9A /* SettingsTableViewController.m */ = {isa = PBXFileReference; fileEncoding = 4; lastKnownFileType = sourcecode.c.objc; path = SettingsTableViewController.m; sourceTree = "<group>"; };
		F9BFD46719F47ABC00E55E9A /* NotificationsController.h */ = {isa = PBXFileReference; fileEncoding = 4; lastKnownFileType = sourcecode.c.h; path = NotificationsController.h; sourceTree = "<group>"; };
		F9BFD46819F47ABC00E55E9A /* NotificationsController.m */ = {isa = PBXFileReference; fileEncoding = 4; lastKnownFileType = sourcecode.c.objc; path = NotificationsController.m; sourceTree = "<group>"; };
		F9BFD46B19F47E5E00E55E9A /* AddFriendController.h */ = {isa = PBXFileReference; fileEncoding = 4; lastKnownFileType = sourcecode.c.h; path = AddFriendController.h; sourceTree = "<group>"; };
		F9BFD46C19F47E5E00E55E9A /* AddFriendController.m */ = {isa = PBXFileReference; fileEncoding = 4; lastKnownFileType = sourcecode.c.objc; path = AddFriendController.m; sourceTree = "<group>"; };
		F9BFD46E19F4905F00E55E9A /* UpdateController.h */ = {isa = PBXFileReference; fileEncoding = 4; lastKnownFileType = sourcecode.c.h; path = UpdateController.h; sourceTree = "<group>"; };
		F9BFD46F19F4905F00E55E9A /* UpdateController.m */ = {isa = PBXFileReference; fileEncoding = 4; lastKnownFileType = sourcecode.c.objc; path = UpdateController.m; sourceTree = "<group>"; };
		F9BFD48219F6384B00E55E9A /* activity-active@2x.png */ = {isa = PBXFileReference; lastKnownFileType = image.png; name = "activity-active@2x.png"; path = "Images/activity-active@2x.png"; sourceTree = "<group>"; };
		F9BFD48319F6384B00E55E9A /* activity@2x.png */ = {isa = PBXFileReference; lastKnownFileType = image.png; name = "activity@2x.png"; path = "Images/activity@2x.png"; sourceTree = "<group>"; };
		F9BFD48419F6384B00E55E9A /* addfriend@2x.png */ = {isa = PBXFileReference; lastKnownFileType = image.png; name = "addfriend@2x.png"; path = "Images/addfriend@2x.png"; sourceTree = "<group>"; };
		F9BFD48519F6384B00E55E9A /* edit@2x.png */ = {isa = PBXFileReference; lastKnownFileType = image.png; name = "edit@2x.png"; path = "Images/edit@2x.png"; sourceTree = "<group>"; };
		F9BFD48619F6384B00E55E9A /* feed@2x.png */ = {isa = PBXFileReference; lastKnownFileType = image.png; name = "feed@2x.png"; path = "Images/feed@2x.png"; sourceTree = "<group>"; };
		F9BFD48719F6384B00E55E9A /* group@2x.png */ = {isa = PBXFileReference; lastKnownFileType = image.png; name = "group@2x.png"; path = "Images/group@2x.png"; sourceTree = "<group>"; };
		F9BFD48819F6384B00E55E9A /* location@2x.png */ = {isa = PBXFileReference; lastKnownFileType = image.png; name = "location@2x.png"; path = "Images/location@2x.png"; sourceTree = "<group>"; };
		F9BFD48919F6384B00E55E9A /* notifications@2x.png */ = {isa = PBXFileReference; lastKnownFileType = image.png; name = "notifications@2x.png"; path = "Images/notifications@2x.png"; sourceTree = "<group>"; };
		F9BFD48A19F6384B00E55E9A /* settings@2x.png */ = {isa = PBXFileReference; lastKnownFileType = image.png; name = "settings@2x.png"; path = "Images/settings@2x.png"; sourceTree = "<group>"; };
		F9BFD48B19F6384B00E55E9A /* text@2x.png */ = {isa = PBXFileReference; lastKnownFileType = image.png; name = "text@2x.png"; path = "Images/text@2x.png"; sourceTree = "<group>"; };
		F9BFD49719F6389800E55E9A /* location-active@2x.png */ = {isa = PBXFileReference; lastKnownFileType = image.png; name = "location-active@2x.png"; path = "Images/location-active@2x.png"; sourceTree = "<group>"; };
		F9BFD49C19F720C500E55E9A /* CommonStatusTableViewController.h */ = {isa = PBXFileReference; fileEncoding = 4; lastKnownFileType = sourcecode.c.h; path = CommonStatusTableViewController.h; sourceTree = "<group>"; };
		F9BFD49D19F720C500E55E9A /* CommonStatusTableViewController.m */ = {isa = PBXFileReference; fileEncoding = 4; lastKnownFileType = sourcecode.c.objc; path = CommonStatusTableViewController.m; sourceTree = "<group>"; };
		F9BFD49F19F7339000E55E9A /* cancel@2x.png */ = {isa = PBXFileReference; lastKnownFileType = image.png; name = "cancel@2x.png"; path = "Images/cancel@2x.png"; sourceTree = "<group>"; };
		F9D3A3C719D8C0820000AD34 /* Currently.app */ = {isa = PBXFileReference; explicitFileType = wrapper.application; includeInIndex = 0; path = Currently.app; sourceTree = BUILT_PRODUCTS_DIR; };
		F9D3A3CB19D8C0820000AD34 /* Info.plist */ = {isa = PBXFileReference; lastKnownFileType = text.plist.xml; path = Info.plist; sourceTree = "<group>"; };
		F9D3A3CC19D8C0820000AD34 /* main.m */ = {isa = PBXFileReference; lastKnownFileType = sourcecode.c.objc; path = main.m; sourceTree = "<group>"; };
		F9D3A3CE19D8C0820000AD34 /* AppDelegate.h */ = {isa = PBXFileReference; lastKnownFileType = sourcecode.c.h; path = AppDelegate.h; sourceTree = "<group>"; };
		F9D3A3CF19D8C0820000AD34 /* AppDelegate.m */ = {isa = PBXFileReference; lastKnownFileType = sourcecode.c.objc; path = AppDelegate.m; sourceTree = "<group>"; };
		F9D3A3D719D8C0820000AD34 /* Images.xcassets */ = {isa = PBXFileReference; lastKnownFileType = folder.assetcatalog; path = Images.xcassets; sourceTree = "<group>"; };
		F9D3A3DD19D8C0820000AD34 /* CurrentlyTests.xctest */ = {isa = PBXFileReference; explicitFileType = wrapper.cfbundle; includeInIndex = 0; path = CurrentlyTests.xctest; sourceTree = BUILT_PRODUCTS_DIR; };
		F9D3A3E219D8C0820000AD34 /* Info.plist */ = {isa = PBXFileReference; lastKnownFileType = text.plist.xml; path = Info.plist; sourceTree = "<group>"; };
		F9D3A3E319D8C0820000AD34 /* CurrentlyTests.m */ = {isa = PBXFileReference; lastKnownFileType = sourcecode.c.objc; path = CurrentlyTests.m; sourceTree = "<group>"; };
		F9EA4A0619D8C3C100AC2CFF /* Gotham-Black.ttf */ = {isa = PBXFileReference; lastKnownFileType = file; path = "Gotham-Black.ttf"; sourceTree = "<group>"; };
		F9EA4A0719D8C3C100AC2CFF /* Gotham-Bold.ttf */ = {isa = PBXFileReference; lastKnownFileType = file; path = "Gotham-Bold.ttf"; sourceTree = "<group>"; };
		F9EA4A0819D8C3C100AC2CFF /* Gotham-Book.ttf */ = {isa = PBXFileReference; lastKnownFileType = file; path = "Gotham-Book.ttf"; sourceTree = "<group>"; };
		F9EA4A0919D8C3C100AC2CFF /* Gotham-Light.ttf */ = {isa = PBXFileReference; lastKnownFileType = file; path = "Gotham-Light.ttf"; sourceTree = "<group>"; };
		F9EA4A0A19D8C3C100AC2CFF /* Gotham-Medium.ttf */ = {isa = PBXFileReference; lastKnownFileType = file; path = "Gotham-Medium.ttf"; sourceTree = "<group>"; };
		F9EA4A0B19D8C3C100AC2CFF /* Gotham-Thin.ttf */ = {isa = PBXFileReference; lastKnownFileType = file; path = "Gotham-Thin.ttf"; sourceTree = "<group>"; };
		F9EA4A0C19D8C3C100AC2CFF /* Gotham-Ultra.ttf */ = {isa = PBXFileReference; lastKnownFileType = file; path = "Gotham-Ultra.ttf"; sourceTree = "<group>"; };
		F9EA4A0D19D8C3C100AC2CFF /* Gotham-XLight.ttf */ = {isa = PBXFileReference; lastKnownFileType = file; path = "Gotham-XLight.ttf"; sourceTree = "<group>"; };
		F9EA4A1619D8C79300AC2CFF /* StatusTableViewController.h */ = {isa = PBXFileReference; fileEncoding = 4; lastKnownFileType = sourcecode.c.h; path = StatusTableViewController.h; sourceTree = "<group>"; };
		F9EA4A1719D8C79300AC2CFF /* StatusTableViewController.m */ = {isa = PBXFileReference; fileEncoding = 4; lastKnownFileType = sourcecode.c.objc; path = StatusTableViewController.m; sourceTree = "<group>"; };
		F9EA4A1A19D8C9BC00AC2CFF /* UserCell.h */ = {isa = PBXFileReference; fileEncoding = 4; lastKnownFileType = sourcecode.c.h; path = UserCell.h; sourceTree = "<group>"; };
		F9EA4A1B19D8C9BC00AC2CFF /* UserCell.m */ = {isa = PBXFileReference; fileEncoding = 4; lastKnownFileType = sourcecode.c.objc; path = UserCell.m; sourceTree = "<group>"; };
/* End PBXFileReference section */

/* Begin PBXFrameworksBuildPhase section */
		F9D3A3C419D8C0820000AD34 /* Frameworks */ = {
			isa = PBXFrameworksBuildPhase;
			buildActionMask = 2147483647;
			files = (
				F92E814919DA2F7200C35AAC /* libz.dylib in Frameworks */,
				F92E814719DA2F6700C35AAC /* SystemConfiguration.framework in Frameworks */,
				F92E814519DA2F5C00C35AAC /* CoreData.framework in Frameworks */,
				F92E815519DA331000C35AAC /* libGoogleAnalyticsServices.a in Frameworks */,
			);
			runOnlyForDeploymentPostprocessing = 0;
		};
		F9D3A3DA19D8C0820000AD34 /* Frameworks */ = {
			isa = PBXFrameworksBuildPhase;
			buildActionMask = 2147483647;
			files = (
			);
			runOnlyForDeploymentPostprocessing = 0;
		};
/* End PBXFrameworksBuildPhase section */

/* Begin PBXGroup section */
		F914DA2D19EBD68000467A49 /* Utility */ = {
			isa = PBXGroup;
			children = (
				F914DA2A19EBD29200467A49 /* NetworkManager.h */,
				F914DA2B19EBD29200467A49 /* NetworkManager.m */,
			);
			name = Utility;
			sourceTree = "<group>";
		};
		F92E814A19DA2FEB00C35AAC /* GA */ = {
			isa = PBXGroup;
			children = (
				F92E814B19DA2FEB00C35AAC /* GAI.h */,
				F92E814C19DA2FEB00C35AAC /* GAIDictionaryBuilder.h */,
				F92E814D19DA2FEB00C35AAC /* GAIEcommerceProduct.h */,
				F92E814E19DA2FEB00C35AAC /* GAIEcommerceProductAction.h */,
				F92E814F19DA2FEB00C35AAC /* GAIEcommercePromotion.h */,
				F92E815019DA2FEB00C35AAC /* GAIFields.h */,
				F92E815119DA2FEB00C35AAC /* GAILogger.h */,
				F92E815219DA2FEB00C35AAC /* GAITrackedViewController.h */,
				F92E815319DA2FEB00C35AAC /* GAITracker.h */,
			);
			path = GA;
			sourceTree = "<group>";
		};
		F99CBF4319E7CC330094A3C2 /* Login */ = {
			isa = PBXGroup;
			children = (
				F9BFD42A19F09F7800E55E9A /* LoginController.h */,
				F9BFD42B19F09F7800E55E9A /* LoginController.m */,
				F9BFD42C19F09F7800E55E9A /* LoginCredentialCell.h */,
				F9BFD42D19F09F7800E55E9A /* LoginCredentialCell.m */,
				F9BFD42E19F09F7800E55E9A /* SignupController.h */,
				F9BFD42F19F09F7800E55E9A /* SignupController.m */,
				F9BFD43019F09F7800E55E9A /* SplashViewController.h */,
				F9BFD43119F09F7800E55E9A /* SplashViewController.m */,
			);
			name = Login;
			sourceTree = "<group>";
		};
		F99CBF4419E7CC480094A3C2 /* Update */ = {
			isa = PBXGroup;
			children = (
				F9BFD46E19F4905F00E55E9A /* UpdateController.h */,
				F9BFD46F19F4905F00E55E9A /* UpdateController.m */,
				F9BFD49C19F720C500E55E9A /* CommonStatusTableViewController.h */,
				F9BFD49D19F720C500E55E9A /* CommonStatusTableViewController.m */,
			);
			name = Update;
			sourceTree = "<group>";
		};
		F99CBF4519E7CC500094A3C2 /* Statuses */ = {
			isa = PBXGroup;
			children = (
				F9EA4A1619D8C79300AC2CFF /* StatusTableViewController.h */,
				F9EA4A1719D8C79300AC2CFF /* StatusTableViewController.m */,
				F9EA4A1A19D8C9BC00AC2CFF /* UserCell.h */,
				F9EA4A1B19D8C9BC00AC2CFF /* UserCell.m */,
			);
			name = Statuses;
			sourceTree = "<group>";
		};
		F9BFD45219F1C8E600E55E9A /* Friend Invites */ = {
			isa = PBXGroup;
			children = (
				F9BFD45319F1CA8D00E55E9A /* InvitesTableViewController.h */,
				F9BFD45419F1CA8D00E55E9A /* InvitesTableViewController.m */,
				F9BFD46B19F47E5E00E55E9A /* AddFriendController.h */,
				F9BFD46C19F47E5E00E55E9A /* AddFriendController.m */,
			);
			name = "Friend Invites";
			sourceTree = "<group>";
		};
		F9BFD45C19F3304900E55E9A /* Settings */ = {
			isa = PBXGroup;
			children = (
				F9BFD45919F3304400E55E9A /* SettingsTableViewController.h */,
				F9BFD45A19F3304400E55E9A /* SettingsTableViewController.m */,
			);
			name = Settings;
			sourceTree = "<group>";
		};
		F9BFD46A19F47ABF00E55E9A /* Notifications */ = {
			isa = PBXGroup;
			children = (
				F9BFD46719F47ABC00E55E9A /* NotificationsController.h */,
				F9BFD46819F47ABC00E55E9A /* NotificationsController.m */,
			);
			name = Notifications;
			sourceTree = "<group>";
		};
		F9BFD49619F6385200E55E9A /* Icons */ = {
			isa = PBXGroup;
			children = (
				F9BFD48319F6384B00E55E9A /* activity@2x.png */,
				F9BFD48219F6384B00E55E9A /* activity-active@2x.png */,
				F9BFD48419F6384B00E55E9A /* addfriend@2x.png */,
				F9BFD49F19F7339000E55E9A /* cancel@2x.png */,
				F9BFD48519F6384B00E55E9A /* edit@2x.png */,
				F9BFD48619F6384B00E55E9A /* feed@2x.png */,
				F9BFD48719F6384B00E55E9A /* group@2x.png */,
				F9BFD48819F6384B00E55E9A /* location@2x.png */,
				F9BFD49719F6389800E55E9A /* location-active@2x.png */,
				F9BFD48919F6384B00E55E9A /* notifications@2x.png */,
				F9BFD48A19F6384B00E55E9A /* settings@2x.png */,
				F9BFD48B19F6384B00E55E9A /* text@2x.png */,
			);
			name = Icons;
			sourceTree = "<group>";
		};
		F9D3A3BE19D8C0810000AD34 = {
			isa = PBXGroup;
			children = (
				F9D3A3C919D8C0820000AD34 /* Currently */,
				F9D3A3E019D8C0820000AD34 /* CurrentlyTests */,
				F9D3A3C819D8C0820000AD34 /* Products */,
				F92E815419DA331000C35AAC /* libGoogleAnalyticsServices.a */,
				F92E814819DA2F7200C35AAC /* libz.dylib */,
				F92E814619DA2F6700C35AAC /* SystemConfiguration.framework */,
				F92E814419DA2F5C00C35AAC /* CoreData.framework */,
			);
			sourceTree = "<group>";
		};
		F9D3A3C819D8C0820000AD34 /* Products */ = {
			isa = PBXGroup;
			children = (
				F9D3A3C719D8C0820000AD34 /* Currently.app */,
				F9D3A3DD19D8C0820000AD34 /* CurrentlyTests.xctest */,
			);
			name = Products;
			sourceTree = "<group>";
		};
		F9D3A3C919D8C0820000AD34 /* Currently */ = {
			isa = PBXGroup;
			children = (
				F9D3A3CE19D8C0820000AD34 /* AppDelegate.h */,
				F9D3A3CF19D8C0820000AD34 /* AppDelegate.m */,
				F914DA2D19EBD68000467A49 /* Utility */,
				F99CBF4319E7CC330094A3C2 /* Login */,
				F99CBF4519E7CC500094A3C2 /* Statuses */,
				F9BFD45219F1C8E600E55E9A /* Friend Invites */,
				F9BFD46A19F47ABF00E55E9A /* Notifications */,
				F9BFD45C19F3304900E55E9A /* Settings */,
				F99CBF4419E7CC480094A3C2 /* Update */,
				F9D3A3D719D8C0820000AD34 /* Images.xcassets */,
				F9BFD49619F6385200E55E9A /* Icons */,
				F92E814A19DA2FEB00C35AAC /* GA */,
				F9EA4A0519D8C3C100AC2CFF /* Fonts */,
				F9D3A3CA19D8C0820000AD34 /* Supporting Files */,
			);
			path = Currently;
			sourceTree = "<group>";
		};
		F9D3A3CA19D8C0820000AD34 /* Supporting Files */ = {
			isa = PBXGroup;
			children = (
				F9D3A3CB19D8C0820000AD34 /* Info.plist */,
				F9D3A3CC19D8C0820000AD34 /* main.m */,
			);
			name = "Supporting Files";
			sourceTree = "<group>";
		};
		F9D3A3E019D8C0820000AD34 /* CurrentlyTests */ = {
			isa = PBXGroup;
			children = (
				F9D3A3E319D8C0820000AD34 /* CurrentlyTests.m */,
				F9D3A3E119D8C0820000AD34 /* Supporting Files */,
			);
			path = CurrentlyTests;
			sourceTree = "<group>";
		};
		F9D3A3E119D8C0820000AD34 /* Supporting Files */ = {
			isa = PBXGroup;
			children = (
				F9D3A3E219D8C0820000AD34 /* Info.plist */,
			);
			name = "Supporting Files";
			sourceTree = "<group>";
		};
		F9EA4A0519D8C3C100AC2CFF /* Fonts */ = {
			isa = PBXGroup;
			children = (
				F9EA4A0619D8C3C100AC2CFF /* Gotham-Black.ttf */,
				F9EA4A0719D8C3C100AC2CFF /* Gotham-Bold.ttf */,
				F9EA4A0819D8C3C100AC2CFF /* Gotham-Book.ttf */,
				F9EA4A0919D8C3C100AC2CFF /* Gotham-Light.ttf */,
				F9EA4A0A19D8C3C100AC2CFF /* Gotham-Medium.ttf */,
				F9EA4A0B19D8C3C100AC2CFF /* Gotham-Thin.ttf */,
				F9EA4A0C19D8C3C100AC2CFF /* Gotham-Ultra.ttf */,
				F9EA4A0D19D8C3C100AC2CFF /* Gotham-XLight.ttf */,
			);
			path = Fonts;
			sourceTree = "<group>";
		};
/* End PBXGroup section */

/* Begin PBXNativeTarget section */
		F9D3A3C619D8C0820000AD34 /* Currently */ = {
			isa = PBXNativeTarget;
			buildConfigurationList = F9D3A3E719D8C0820000AD34 /* Build configuration list for PBXNativeTarget "Currently" */;
			buildPhases = (
				F9D3A3C319D8C0820000AD34 /* Sources */,
				F9D3A3C419D8C0820000AD34 /* Frameworks */,
				F9D3A3C519D8C0820000AD34 /* Resources */,
				F9EA4A1919D8C90500AC2CFF /* ShellScript */,
			);
			buildRules = (
			);
			dependencies = (
			);
			name = Currently;
			productName = Currently;
			productReference = F9D3A3C719D8C0820000AD34 /* Currently.app */;
			productType = "com.apple.product-type.application";
		};
		F9D3A3DC19D8C0820000AD34 /* CurrentlyTests */ = {
			isa = PBXNativeTarget;
			buildConfigurationList = F9D3A3EA19D8C0820000AD34 /* Build configuration list for PBXNativeTarget "CurrentlyTests" */;
			buildPhases = (
				F9D3A3D919D8C0820000AD34 /* Sources */,
				F9D3A3DA19D8C0820000AD34 /* Frameworks */,
				F9D3A3DB19D8C0820000AD34 /* Resources */,
			);
			buildRules = (
			);
			dependencies = (
				F9D3A3DF19D8C0820000AD34 /* PBXTargetDependency */,
			);
			name = CurrentlyTests;
			productName = CurrentlyTests;
			productReference = F9D3A3DD19D8C0820000AD34 /* CurrentlyTests.xctest */;
			productType = "com.apple.product-type.bundle.unit-test";
		};
/* End PBXNativeTarget section */

/* Begin PBXProject section */
		F9D3A3BF19D8C0810000AD34 /* Project object */ = {
			isa = PBXProject;
			attributes = {
				LastUpgradeCheck = 0600;
				ORGANIZATIONNAME = "Darshan Shankar";
				TargetAttributes = {
					F9D3A3C619D8C0820000AD34 = {
						CreatedOnToolsVersion = 6.0;
						DevelopmentTeam = 2B3L6C7XL3;
						SystemCapabilities = {
							com.apple.BackgroundModes = {
								enabled = 0;
							};
						};
					};
					F9D3A3DC19D8C0820000AD34 = {
						CreatedOnToolsVersion = 6.0;
						TestTargetID = F9D3A3C619D8C0820000AD34;
					};
				};
			};
			buildConfigurationList = F9D3A3C219D8C0810000AD34 /* Build configuration list for PBXProject "Currently" */;
			compatibilityVersion = "Xcode 3.2";
			developmentRegion = English;
			hasScannedForEncodings = 0;
			knownRegions = (
				en,
				Base,
			);
			mainGroup = F9D3A3BE19D8C0810000AD34;
			productRefGroup = F9D3A3C819D8C0820000AD34 /* Products */;
			projectDirPath = "";
			projectRoot = "";
			targets = (
				F9D3A3C619D8C0820000AD34 /* Currently */,
				F9D3A3DC19D8C0820000AD34 /* CurrentlyTests */,
			);
		};
/* End PBXProject section */

/* Begin PBXResourcesBuildPhase section */
		F9D3A3C519D8C0820000AD34 /* Resources */ = {
			isa = PBXResourcesBuildPhase;
			buildActionMask = 2147483647;
			files = (
				F9BFD48F19F6384B00E55E9A /* edit@2x.png in Resources */,
				F9EA4A0F19D8C3C100AC2CFF /* Gotham-Bold.ttf in Resources */,
				F9BFD49319F6384B00E55E9A /* notifications@2x.png in Resources */,
				F9BFD49019F6384B00E55E9A /* feed@2x.png in Resources */,
				F9EA4A1019D8C3C100AC2CFF /* Gotham-Book.ttf in Resources */,
				F9EA4A1319D8C3C100AC2CFF /* Gotham-Thin.ttf in Resources */,
				F9EA4A1519D8C3C100AC2CFF /* Gotham-XLight.ttf in Resources */,
				F9BFD49419F6384B00E55E9A /* settings@2x.png in Resources */,
				F9BFD49519F6384B00E55E9A /* text@2x.png in Resources */,
				F9EA4A1119D8C3C100AC2CFF /* Gotham-Light.ttf in Resources */,
				F9D3A3D819D8C0820000AD34 /* Images.xcassets in Resources */,
				F9BFD49119F6384B00E55E9A /* group@2x.png in Resources */,
				F9BFD49219F6384B00E55E9A /* location@2x.png in Resources */,
				F9BFD48E19F6384B00E55E9A /* addfriend@2x.png in Resources */,
				F9BFD48D19F6384B00E55E9A /* activity@2x.png in Resources */,
				F9EA4A1419D8C3C100AC2CFF /* Gotham-Ultra.ttf in Resources */,
				F9EA4A1219D8C3C100AC2CFF /* Gotham-Medium.ttf in Resources */,
				F9BFD49819F6389800E55E9A /* location-active@2x.png in Resources */,
				F9BFD48C19F6384B00E55E9A /* activity-active@2x.png in Resources */,
				F9BFD4A019F7339000E55E9A /* cancel@2x.png in Resources */,
				F9EA4A0E19D8C3C100AC2CFF /* Gotham-Black.ttf in Resources */,
			);
			runOnlyForDeploymentPostprocessing = 0;
		};
		F9D3A3DB19D8C0820000AD34 /* Resources */ = {
			isa = PBXResourcesBuildPhase;
			buildActionMask = 2147483647;
			files = (
			);
			runOnlyForDeploymentPostprocessing = 0;
		};
/* End PBXResourcesBuildPhase section */

/* Begin PBXShellScriptBuildPhase section */
		F9EA4A1919D8C90500AC2CFF /* ShellScript */ = {
			isa = PBXShellScriptBuildPhase;
			buildActionMask = 2147483647;
			files = (
			);
			inputPaths = (
			);
			outputPaths = (
			);
			runOnlyForDeploymentPostprocessing = 0;
			shellPath = /bin/sh;
			shellScript = "#!/bin/bash\nbuildNumber=$(/usr/libexec/PlistBuddy -c \"Print CFBundleVersion\" \"$INFOPLIST_FILE\")\nbuildNumber=$(($buildNumber + 1))\n/usr/libexec/PlistBuddy -c \"Set :CFBundleVersion $buildNumber\" \"$INFOPLIST_FILE\"";
		};
/* End PBXShellScriptBuildPhase section */

/* Begin PBXSourcesBuildPhase section */
		F9D3A3C319D8C0820000AD34 /* Sources */ = {
			isa = PBXSourcesBuildPhase;
			buildActionMask = 2147483647;
			files = (
				F9BFD45B19F3304400E55E9A /* SettingsTableViewController.m in Sources */,
				F9BFD46D19F47E5E00E55E9A /* AddFriendController.m in Sources */,
				F9EA4A1C19D8C9BC00AC2CFF /* UserCell.m in Sources */,
				F9BFD46919F47ABC00E55E9A /* NotificationsController.m in Sources */,
				F9BFD47019F4905F00E55E9A /* UpdateController.m in Sources */,
				F9EA4A1819D8C79300AC2CFF /* StatusTableViewController.m in Sources */,
				F9BFD45519F1CA8D00E55E9A /* InvitesTableViewController.m in Sources */,
				F9D3A3D019D8C0820000AD34 /* AppDelegate.m in Sources */,
				F9BFD43319F09F7800E55E9A /* LoginCredentialCell.m in Sources */,
				F9BFD43219F09F7800E55E9A /* LoginController.m in Sources */,
				F9BFD49E19F720C500E55E9A /* CommonStatusTableViewController.m in Sources */,
				F9D3A3CD19D8C0820000AD34 /* main.m in Sources */,
				F9BFD43519F09F7800E55E9A /* SplashViewController.m in Sources */,
				F9BFD43419F09F7800E55E9A /* SignupController.m in Sources */,
				F914DA2C19EBD29200467A49 /* NetworkManager.m in Sources */,
			);
			runOnlyForDeploymentPostprocessing = 0;
		};
		F9D3A3D919D8C0820000AD34 /* Sources */ = {
			isa = PBXSourcesBuildPhase;
			buildActionMask = 2147483647;
			files = (
				F9D3A3E419D8C0820000AD34 /* CurrentlyTests.m in Sources */,
			);
			runOnlyForDeploymentPostprocessing = 0;
		};
/* End PBXSourcesBuildPhase section */

/* Begin PBXTargetDependency section */
		F9D3A3DF19D8C0820000AD34 /* PBXTargetDependency */ = {
			isa = PBXTargetDependency;
			target = F9D3A3C619D8C0820000AD34 /* Currently */;
			targetProxy = F9D3A3DE19D8C0820000AD34 /* PBXContainerItemProxy */;
		};
/* End PBXTargetDependency section */

/* Begin XCBuildConfiguration section */
		F9D3A3E519D8C0820000AD34 /* Debug */ = {
			isa = XCBuildConfiguration;
			buildSettings = {
				ALWAYS_SEARCH_USER_PATHS = NO;
				CLANG_CXX_LANGUAGE_STANDARD = "gnu++0x";
				CLANG_CXX_LIBRARY = "libc++";
				CLANG_ENABLE_MODULES = YES;
				CLANG_ENABLE_OBJC_ARC = YES;
				CLANG_WARN_BOOL_CONVERSION = YES;
				CLANG_WARN_CONSTANT_CONVERSION = YES;
				CLANG_WARN_DIRECT_OBJC_ISA_USAGE = YES_ERROR;
				CLANG_WARN_EMPTY_BODY = YES;
				CLANG_WARN_ENUM_CONVERSION = YES;
				CLANG_WARN_INT_CONVERSION = YES;
				CLANG_WARN_OBJC_ROOT_CLASS = YES_ERROR;
				CLANG_WARN_UNREACHABLE_CODE = YES;
				CLANG_WARN__DUPLICATE_METHOD_MATCH = YES;
				"CODE_SIGN_IDENTITY[sdk=iphoneos*]" = "iPhone Developer";
				COPY_PHASE_STRIP = NO;
				ENABLE_STRICT_OBJC_MSGSEND = YES;
				GCC_C_LANGUAGE_STANDARD = gnu99;
				GCC_DYNAMIC_NO_PIC = NO;
				GCC_OPTIMIZATION_LEVEL = 0;
				GCC_PREPROCESSOR_DEFINITIONS = (
					"DEBUG=1",
					"$(inherited)",
				);
				GCC_SYMBOLS_PRIVATE_EXTERN = NO;
				GCC_WARN_64_TO_32_BIT_CONVERSION = YES;
				GCC_WARN_ABOUT_RETURN_TYPE = YES_ERROR;
				GCC_WARN_UNDECLARED_SELECTOR = YES;
				GCC_WARN_UNINITIALIZED_AUTOS = YES_AGGRESSIVE;
				GCC_WARN_UNUSED_FUNCTION = YES;
				GCC_WARN_UNUSED_VARIABLE = YES;
				IPHONEOS_DEPLOYMENT_TARGET = 8.0;
				MTL_ENABLE_DEBUG_INFO = YES;
				ONLY_ACTIVE_ARCH = YES;
				SDKROOT = iphoneos;
			};
			name = Debug;
		};
		F9D3A3E619D8C0820000AD34 /* Release */ = {
			isa = XCBuildConfiguration;
			buildSettings = {
				ALWAYS_SEARCH_USER_PATHS = NO;
				CLANG_CXX_LANGUAGE_STANDARD = "gnu++0x";
				CLANG_CXX_LIBRARY = "libc++";
				CLANG_ENABLE_MODULES = YES;
				CLANG_ENABLE_OBJC_ARC = YES;
				CLANG_WARN_BOOL_CONVERSION = YES;
				CLANG_WARN_CONSTANT_CONVERSION = YES;
				CLANG_WARN_DIRECT_OBJC_ISA_USAGE = YES_ERROR;
				CLANG_WARN_EMPTY_BODY = YES;
				CLANG_WARN_ENUM_CONVERSION = YES;
				CLANG_WARN_INT_CONVERSION = YES;
				CLANG_WARN_OBJC_ROOT_CLASS = YES_ERROR;
				CLANG_WARN_UNREACHABLE_CODE = YES;
				CLANG_WARN__DUPLICATE_METHOD_MATCH = YES;
				"CODE_SIGN_IDENTITY[sdk=iphoneos*]" = "iPhone Developer";
				COPY_PHASE_STRIP = YES;
				ENABLE_NS_ASSERTIONS = NO;
				ENABLE_STRICT_OBJC_MSGSEND = YES;
				GCC_C_LANGUAGE_STANDARD = gnu99;
				GCC_WARN_64_TO_32_BIT_CONVERSION = YES;
				GCC_WARN_ABOUT_RETURN_TYPE = YES_ERROR;
				GCC_WARN_UNDECLARED_SELECTOR = YES;
				GCC_WARN_UNINITIALIZED_AUTOS = YES_AGGRESSIVE;
				GCC_WARN_UNUSED_FUNCTION = YES;
				GCC_WARN_UNUSED_VARIABLE = YES;
				IPHONEOS_DEPLOYMENT_TARGET = 8.0;
				MTL_ENABLE_DEBUG_INFO = NO;
				SDKROOT = iphoneos;
				VALIDATE_PRODUCT = YES;
			};
			name = Release;
		};
		F9D3A3E819D8C0820000AD34 /* Debug */ = {
			isa = XCBuildConfiguration;
			buildSettings = {
				ASSETCATALOG_COMPILER_APPICON_NAME = AppIcon;
				ASSETCATALOG_COMPILER_LAUNCHIMAGE_NAME = LaunchImage;
				CODE_SIGN_IDENTITY = "iPhone Developer: Darshan Shankar (GE82Q9VKM4)";
				"CODE_SIGN_IDENTITY[sdk=iphoneos*]" = "";
				INFOPLIST_FILE = Currently/Info.plist;
				IPHONEOS_DEPLOYMENT_TARGET = 7.0;
				LD_RUNPATH_SEARCH_PATHS = "$(inherited) @executable_path/Frameworks";
				LIBRARY_SEARCH_PATHS = (
					"$(inherited)",
					"$(PROJECT_DIR)/Currently",
				);
				OTHER_LDFLAGS = "";
				PRODUCT_NAME = "$(TARGET_NAME)";
				PROVISIONING_PROFILE = "40dd80f5-fe0a-4f96-afa2-894ba9e42744";
			};
			name = Debug;
		};
		F9D3A3E919D8C0820000AD34 /* Release */ = {
			isa = XCBuildConfiguration;
			buildSettings = {
				ASSETCATALOG_COMPILER_APPICON_NAME = AppIcon;
				ASSETCATALOG_COMPILER_LAUNCHIMAGE_NAME = LaunchImage;
				CODE_SIGN_IDENTITY = "iPhone Developer: Darshan Shankar (GE82Q9VKM4)";
				"CODE_SIGN_IDENTITY[sdk=iphoneos*]" = "";
				INFOPLIST_FILE = Currently/Info.plist;
				IPHONEOS_DEPLOYMENT_TARGET = 7.0;
				LD_RUNPATH_SEARCH_PATHS = "$(inherited) @executable_path/Frameworks";
				LIBRARY_SEARCH_PATHS = (
					"$(inherited)",
					"$(PROJECT_DIR)/Currently",
				);
				OTHER_LDFLAGS = "";
				PRODUCT_NAME = "$(TARGET_NAME)";
				PROVISIONING_PROFILE = "40dd80f5-fe0a-4f96-afa2-894ba9e42744";
			};
			name = Release;
		};
		F9D3A3EB19D8C0820000AD34 /* Debug */ = {
			isa = XCBuildConfiguration;
			buildSettings = {
				BUNDLE_LOADER = "$(TEST_HOST)";
				FRAMEWORK_SEARCH_PATHS = (
					"$(SDKROOT)/Developer/Library/Frameworks",
					"$(inherited)",
				);
				GCC_PREPROCESSOR_DEFINITIONS = (
					"DEBUG=1",
					"$(inherited)",
				);
				INFOPLIST_FILE = CurrentlyTests/Info.plist;
				LD_RUNPATH_SEARCH_PATHS = "$(inherited) @executable_path/Frameworks @loader_path/Frameworks";
				PRODUCT_NAME = "$(TARGET_NAME)";
				TEST_HOST = "$(BUILT_PRODUCTS_DIR)/Currently.app/Currently";
			};
			name = Debug;
		};
		F9D3A3EC19D8C0820000AD34 /* Release */ = {
			isa = XCBuildConfiguration;
			buildSettings = {
				BUNDLE_LOADER = "$(TEST_HOST)";
				FRAMEWORK_SEARCH_PATHS = (
					"$(SDKROOT)/Developer/Library/Frameworks",
					"$(inherited)",
				);
				INFOPLIST_FILE = CurrentlyTests/Info.plist;
				LD_RUNPATH_SEARCH_PATHS = "$(inherited) @executable_path/Frameworks @loader_path/Frameworks";
				PRODUCT_NAME = "$(TARGET_NAME)";
				TEST_HOST = "$(BUILT_PRODUCTS_DIR)/Currently.app/Currently";
			};
			name = Release;
		};
/* End XCBuildConfiguration section */

/* Begin XCConfigurationList section */
		F9D3A3C219D8C0810000AD34 /* Build configuration list for PBXProject "Currently" */ = {
			isa = XCConfigurationList;
			buildConfigurations = (
				F9D3A3E519D8C0820000AD34 /* Debug */,
				F9D3A3E619D8C0820000AD34 /* Release */,
			);
			defaultConfigurationIsVisible = 0;
			defaultConfigurationName = Release;
		};
		F9D3A3E719D8C0820000AD34 /* Build configuration list for PBXNativeTarget "Currently" */ = {
			isa = XCConfigurationList;
			buildConfigurations = (
				F9D3A3E819D8C0820000AD34 /* Debug */,
				F9D3A3E919D8C0820000AD34 /* Release */,
			);
			defaultConfigurationIsVisible = 0;
			defaultConfigurationName = Release;
		};
		F9D3A3EA19D8C0820000AD34 /* Build configuration list for PBXNativeTarget "CurrentlyTests" */ = {
			isa = XCConfigurationList;
			buildConfigurations = (
				F9D3A3EB19D8C0820000AD34 /* Debug */,
				F9D3A3EC19D8C0820000AD34 /* Release */,
			);
			defaultConfigurationIsVisible = 0;
			defaultConfigurationName = Release;
		};
/* End XCConfigurationList section */
	};
	rootObject = F9D3A3BF19D8C0810000AD34 /* Project object */;
}
